
Microsoft Visual Studio Solution File, Format Version 12.00
# Visual Studio Version 16
VisualStudioVersion = 16.0.34031.81
MinimumVisualStudioVersion = 10.0.40219.1
Project("{FAE04EC0-301F-11D3-BF4B-00C04F79EFBC}") = "Bai_tap2", "Bai_tap2\Bai_tap2.csproj", "{435FAFF9-CF1D-4302-9930-8DD54B78A1DB}"
EndProject
Project("{FAE04EC0-301F-11D3-BF4B-00C04F79EFBC}") = "ConsoleApp1", "ConsoleApp1\ConsoleApp1.csproj", "{B9A86F33-C48A-442A-9DA0-9D29D6B7D411}"
EndProject
Global
	GlobalSection(SolutionConfigurationPlatforms) = preSolution
		Debug|Any CPU = Debug|Any CPU
		Release|Any CPU = Release|Any CPU
	EndGlobalSection
	GlobalSection(ProjectConfigurationPlatforms) = postSolution
		{435FAFF9-CF1D-4302-9930-8DD54B78A1DB}.Debug|Any CPU.ActiveCfg = Debug|Any CPU
		{435FAFF9-CF1D-4302-9930-8DD54B78A1DB}.Debug|Any CPU.Build.0 = Debug|Any CPU
		{435FAFF9-CF1D-4302-9930-8DD54B78A1DB}.Release|Any CPU.ActiveCfg = Release|Any CPU
		{435FAFF9-CF1D-4302-9930-8DD54B78A1DB}.Release|Any CPU.Build.0 = Release|Any CPU
		{B9A86F33-C48A-442A-9DA0-9D29D6B7D411}.Debug|Any CPU.ActiveCfg = Debug|Any CPU
		{B9A86F33-C48A-442A-9DA0-9D29D6B7D411}.Debug|Any CPU.Build.0 = Debug|Any CPU
		{B9A86F33-C48A-442A-9DA0-9D29D6B7D411}.Release|Any CPU.ActiveCfg = Release|Any CPU
		{B9A86F33-C48A-442A-9DA0-9D29D6B7D411}.Release|Any CPU.Build.0 = Release|Any CPU
	EndGlobalSection
	GlobalSection(SolutionProperties) = preSolution
		HideSolutionNode = FALSE
	EndGlobalSection
	GlobalSection(ExtensibilityGlobals) = postSolution
		SolutionGuid = {5CA76D5F-567E-4C87-BD70-A02269AF6727}
	EndGlobalSection
EndGlobal
